// !$*UTF8*$!
{
	archiveVersion = 1;
	classes = {
	};
	objectVersion = 46;
	objects = {

/* Begin PBXBuildFile section */
		0F60B48B183D6F54003FDF14 /* AllElementsViewController.m in Sources */ = {isa = PBXBuildFile; fileRef = 0F60B48A183D6F54003FDF14 /* AllElementsViewController.m */; };
		0F60B48E183D70AA003FDF14 /* WebViewController.m in Sources */ = {isa = PBXBuildFile; fileRef = 0F60B48D183D70AA003FDF14 /* WebViewController.m */; };
		0F8F20131843C50800C28A0D /* StyleExamplesViewController.m in Sources */ = {isa = PBXBuildFile; fileRef = 0F8F20121843C50800C28A0D /* StyleExamplesViewController.m */; };
		0F8F2026184404F700C28A0D /* LaunchPad.framework in Frameworks */ = {isa = PBXBuildFile; fileRef = 0F8F2025184404F700C28A0D /* LaunchPad.framework */; };
		0FE54F7417F0BE97002BD567 /* CoreData.framework in Frameworks */ = {isa = PBXBuildFile; fileRef = 0FE54F7317F0BE97002BD567 /* CoreData.framework */; };
		0FE54F7617F0BEB1002BD567 /* libz.dylib in Frameworks */ = {isa = PBXBuildFile; fileRef = 0FE54F7517F0BEB1002BD567 /* libz.dylib */; };
		93187B2A181C59AB00372ADF /* MPCJSONDataSerializer.m in Sources */ = {isa = PBXBuildFile; fileRef = 93187B1D181C59AB00372ADF /* MPCJSONDataSerializer.m */; settings = {COMPILER_FLAGS = "-fno-objc-arc"; }; };
		93187B2B181C59AB00372ADF /* MPCJSONSerializer.m in Sources */ = {isa = PBXBuildFile; fileRef = 93187B1F181C59AB00372ADF /* MPCJSONSerializer.m */; settings = {COMPILER_FLAGS = "-fno-objc-arc"; }; };
		93187B2C181C59AB00372ADF /* MPCSerializedJSONData.m in Sources */ = {isa = PBXBuildFile; fileRef = 93187B21181C59AB00372ADF /* MPCSerializedJSONData.m */; settings = {COMPILER_FLAGS = "-fno-objc-arc"; }; };
		93187B2D181C59AB00372ADF /* NSData+MPBase64.m in Sources */ = {isa = PBXBuildFile; fileRef = 93187B24181C59AB00372ADF /* NSData+MPBase64.m */; settings = {COMPILER_FLAGS = "-fno-objc-arc"; }; };
		93187B2E181C59AB00372ADF /* ODIN.m in Sources */ = {isa = PBXBuildFile; fileRef = 93187B27181C59AB00372ADF /* ODIN.m */; settings = {COMPILER_FLAGS = "-fno-objc-arc"; }; };
		93187B2F181C59AB00372ADF /* Mixpanel.m in Sources */ = {isa = PBXBuildFile; fileRef = 93187B29181C59AB00372ADF /* Mixpanel.m */; settings = {COMPILER_FLAGS = "-fno-objc-arc"; }; };
		93187B33181C5E6700372ADF /* libFlurry_4.2.3.a in Frameworks */ = {isa = PBXBuildFile; fileRef = 93187B32181C5E6700372ADF /* libFlurry_4.2.3.a */; };
		93187B38181C615900372ADF /* libGoogleAnalyticsServices.a in Frameworks */ = {isa = PBXBuildFile; fileRef = 93187B37181C615900372ADF /* libGoogleAnalyticsServices.a */; };
		93187B44181C73B800372ADF /* ExampleCollectionViewController.m in Sources */ = {isa = PBXBuildFile; fileRef = 93187B43181C73B800372ADF /* ExampleCollectionViewController.m */; };
		93F7DF1017E388C000FC365F /* Foundation.framework in Frameworks */ = {isa = PBXBuildFile; fileRef = 93F7DF0F17E388C000FC365F /* Foundation.framework */; };
		93F7DF1217E388C000FC365F /* CoreGraphics.framework in Frameworks */ = {isa = PBXBuildFile; fileRef = 93F7DF1117E388C000FC365F /* CoreGraphics.framework */; };
		93F7DF1417E388C000FC365F /* UIKit.framework in Frameworks */ = {isa = PBXBuildFile; fileRef = 93F7DF1317E388C000FC365F /* UIKit.framework */; };
		93F7DF1A17E388C000FC365F /* InfoPlist.strings in Resources */ = {isa = PBXBuildFile; fileRef = 93F7DF1817E388C000FC365F /* InfoPlist.strings */; };
		93F7DF1C17E388C000FC365F /* main.m in Sources */ = {isa = PBXBuildFile; fileRef = 93F7DF1B17E388C000FC365F /* main.m */; };
		93F7DF2017E388C000FC365F /* LPExampleAppAppDelegate.m in Sources */ = {isa = PBXBuildFile; fileRef = 93F7DF1F17E388C000FC365F /* LPExampleAppAppDelegate.m */; };
		93F7DF2317E388C000FC365F /* Main.storyboard in Resources */ = {isa = PBXBuildFile; fileRef = 93F7DF2117E388C000FC365F /* Main.storyboard */; };
		93F7DF2617E388C000FC365F /* LPExampleAppViewController.m in Sources */ = {isa = PBXBuildFile; fileRef = 93F7DF2517E388C000FC365F /* LPExampleAppViewController.m */; };
		93F7DF2817E388C000FC365F /* Images.xcassets in Resources */ = {isa = PBXBuildFile; fileRef = 93F7DF2717E388C000FC365F /* Images.xcassets */; };
		93F7DF5217E3A4DA00FC365F /* CFNetwork.framework in Frameworks */ = {isa = PBXBuildFile; fileRef = 93F7DF5117E3A4DA00FC365F /* CFNetwork.framework */; };
		93F7DF5417E3A4EB00FC365F /* Security.framework in Frameworks */ = {isa = PBXBuildFile; fileRef = 93F7DF5317E3A4EB00FC365F /* Security.framework */; };
		93F7DF5617E3A4F200FC365F /* libicucore.dylib in Frameworks */ = {isa = PBXBuildFile; fileRef = 93F7DF5517E3A4F200FC365F /* libicucore.dylib */; };
		93F7DF5817E3DA3B00FC365F /* AdSupport.framework in Frameworks */ = {isa = PBXBuildFile; fileRef = 93F7DF5717E3DA3B00FC365F /* AdSupport.framework */; settings = {ATTRIBUTES = (Weak, ); }; };
		93F7DFC117E4047400FC365F /* CoreTelephony.framework in Frameworks */ = {isa = PBXBuildFile; fileRef = 93F7DFC017E4047400FC365F /* CoreTelephony.framework */; settings = {ATTRIBUTES = (Weak, ); }; };
		93F7DFC317E4048000FC365F /* SystemConfiguration.framework in Frameworks */ = {isa = PBXBuildFile; fileRef = 93F7DFC217E4048000FC365F /* SystemConfiguration.framework */; settings = {ATTRIBUTES = (Weak, ); }; };
/* End PBXBuildFile section */

/* Begin PBXFileReference section */
		0F60B489183D6F54003FDF14 /* AllElementsViewController.h */ = {isa = PBXFileReference; fileEncoding = 4; lastKnownFileType = sourcecode.c.h; path = AllElementsViewController.h; sourceTree = "<group>"; };
		0F60B48A183D6F54003FDF14 /* AllElementsViewController.m */ = {isa = PBXFileReference; fileEncoding = 4; lastKnownFileType = sourcecode.c.objc; path = AllElementsViewController.m; sourceTree = "<group>"; };
		0F60B48C183D70AA003FDF14 /* WebViewController.h */ = {isa = PBXFileReference; fileEncoding = 4; lastKnownFileType = sourcecode.c.h; path = WebViewController.h; sourceTree = "<group>"; };
		0F60B48D183D70AA003FDF14 /* WebViewController.m */ = {isa = PBXFileReference; fileEncoding = 4; lastKnownFileType = sourcecode.c.objc; path = WebViewController.m; sourceTree = "<group>"; };
		0F8F20111843C50800C28A0D /* StyleExamplesViewController.h */ = {isa = PBXFileReference; fileEncoding = 4; lastKnownFileType = sourcecode.c.h; path = StyleExamplesViewController.h; sourceTree = "<group>"; };
		0F8F20121843C50800C28A0D /* StyleExamplesViewController.m */ = {isa = PBXFileReference; fileEncoding = 4; lastKnownFileType = sourcecode.c.objc; path = StyleExamplesViewController.m; sourceTree = "<group>"; };
		0F8F2025184404F700C28A0D /* LaunchPad.framework */ = {isa = PBXFileReference; lastKnownFileType = wrapper.framework; path = LaunchPad.framework; sourceTree = "<group>"; };
		0FE54F7317F0BE97002BD567 /* CoreData.framework */ = {isa = PBXFileReference; lastKnownFileType = wrapper.framework; name = CoreData.framework; path = System/Library/Frameworks/CoreData.framework; sourceTree = SDKROOT; };
		0FE54F7517F0BEB1002BD567 /* libz.dylib */ = {isa = PBXFileReference; lastKnownFileType = "compiled.mach-o.dylib"; name = libz.dylib; path = usr/lib/libz.dylib; sourceTree = SDKROOT; };
		93187B1C181C59AB00372ADF /* MPCJSONDataSerializer.h */ = {isa = PBXFileReference; fileEncoding = 4; lastKnownFileType = sourcecode.c.h; path = MPCJSONDataSerializer.h; sourceTree = "<group>"; };
		93187B1D181C59AB00372ADF /* MPCJSONDataSerializer.m */ = {isa = PBXFileReference; fileEncoding = 4; lastKnownFileType = sourcecode.c.objc; path = MPCJSONDataSerializer.m; sourceTree = "<group>"; };
		93187B1E181C59AB00372ADF /* MPCJSONSerializer.h */ = {isa = PBXFileReference; fileEncoding = 4; lastKnownFileType = sourcecode.c.h; path = MPCJSONSerializer.h; sourceTree = "<group>"; };
		93187B1F181C59AB00372ADF /* MPCJSONSerializer.m */ = {isa = PBXFileReference; fileEncoding = 4; lastKnownFileType = sourcecode.c.objc; path = MPCJSONSerializer.m; sourceTree = "<group>"; };
		93187B20181C59AB00372ADF /* MPCSerializedJSONData.h */ = {isa = PBXFileReference; fileEncoding = 4; lastKnownFileType = sourcecode.c.h; path = MPCSerializedJSONData.h; sourceTree = "<group>"; };
		93187B21181C59AB00372ADF /* MPCSerializedJSONData.m */ = {isa = PBXFileReference; fileEncoding = 4; lastKnownFileType = sourcecode.c.objc; path = MPCSerializedJSONData.m; sourceTree = "<group>"; };
		93187B23181C59AB00372ADF /* NSData+MPBase64.h */ = {isa = PBXFileReference; fileEncoding = 4; lastKnownFileType = sourcecode.c.h; path = "NSData+MPBase64.h"; sourceTree = "<group>"; };
		93187B24181C59AB00372ADF /* NSData+MPBase64.m */ = {isa = PBXFileReference; fileEncoding = 4; lastKnownFileType = sourcecode.c.objc; path = "NSData+MPBase64.m"; sourceTree = "<group>"; };
		93187B26181C59AB00372ADF /* ODIN.h */ = {isa = PBXFileReference; fileEncoding = 4; lastKnownFileType = sourcecode.c.h; path = ODIN.h; sourceTree = "<group>"; };
		93187B27181C59AB00372ADF /* ODIN.m */ = {isa = PBXFileReference; fileEncoding = 4; lastKnownFileType = sourcecode.c.objc; path = ODIN.m; sourceTree = "<group>"; };
		93187B28181C59AB00372ADF /* Mixpanel.h */ = {isa = PBXFileReference; fileEncoding = 4; lastKnownFileType = sourcecode.c.h; path = Mixpanel.h; sourceTree = "<group>"; };
		93187B29181C59AB00372ADF /* Mixpanel.m */ = {isa = PBXFileReference; fileEncoding = 4; lastKnownFileType = sourcecode.c.objc; path = Mixpanel.m; sourceTree = "<group>"; };
		93187B31181C5E6700372ADF /* Flurry.h */ = {isa = PBXFileReference; fileEncoding = 4; lastKnownFileType = sourcecode.c.h; path = Flurry.h; sourceTree = "<group>"; };
		93187B32181C5E6700372ADF /* libFlurry_4.2.3.a */ = {isa = PBXFileReference; lastKnownFileType = archive.ar; path = libFlurry_4.2.3.a; sourceTree = "<group>"; };
		93187B37181C615900372ADF /* libGoogleAnalyticsServices.a */ = {isa = PBXFileReference; lastKnownFileType = archive.ar; name = libGoogleAnalyticsServices.a; path = Resources/GoogleAnalyticsServicesiOS_3.02/libGoogleAnalyticsServices.a; sourceTree = "<group>"; };
		93187B39181C616300372ADF /* GAI.h */ = {isa = PBXFileReference; lastKnownFileType = sourcecode.c.h; name = GAI.h; path = Resources/GoogleAnalyticsServicesiOS_3.02/GoogleAnalytics/Library/GAI.h; sourceTree = "<group>"; };
		93187B3A181C616300372ADF /* GAIDictionaryBuilder.h */ = {isa = PBXFileReference; lastKnownFileType = sourcecode.c.h; name = GAIDictionaryBuilder.h; path = Resources/GoogleAnalyticsServicesiOS_3.02/GoogleAnalytics/Library/GAIDictionaryBuilder.h; sourceTree = "<group>"; };
		93187B3B181C616300372ADF /* GAIFields.h */ = {isa = PBXFileReference; lastKnownFileType = sourcecode.c.h; name = GAIFields.h; path = Resources/GoogleAnalyticsServicesiOS_3.02/GoogleAnalytics/Library/GAIFields.h; sourceTree = "<group>"; };
		93187B3C181C616300372ADF /* GAILogger.h */ = {isa = PBXFileReference; lastKnownFileType = sourcecode.c.h; name = GAILogger.h; path = Resources/GoogleAnalyticsServicesiOS_3.02/GoogleAnalytics/Library/GAILogger.h; sourceTree = "<group>"; };
		93187B3D181C616300372ADF /* GAITrackedViewController.h */ = {isa = PBXFileReference; lastKnownFileType = sourcecode.c.h; name = GAITrackedViewController.h; path = Resources/GoogleAnalyticsServicesiOS_3.02/GoogleAnalytics/Library/GAITrackedViewController.h; sourceTree = "<group>"; };
		93187B3E181C616300372ADF /* GAITracker.h */ = {isa = PBXFileReference; lastKnownFileType = sourcecode.c.h; name = GAITracker.h; path = Resources/GoogleAnalyticsServicesiOS_3.02/GoogleAnalytics/Library/GAITracker.h; sourceTree = "<group>"; };
		93187B42181C73B800372ADF /* ExampleCollectionViewController.h */ = {isa = PBXFileReference; fileEncoding = 4; lastKnownFileType = sourcecode.c.h; path = ExampleCollectionViewController.h; sourceTree = "<group>"; };
		93187B43181C73B800372ADF /* ExampleCollectionViewController.m */ = {isa = PBXFileReference; fileEncoding = 4; lastKnownFileType = sourcecode.c.objc; path = ExampleCollectionViewController.m; sourceTree = "<group>"; };
		93F7DF0C17E388C000FC365F /* LP Example.app */ = {isa = PBXFileReference; explicitFileType = wrapper.application; includeInIndex = 0; path = "LP Example.app"; sourceTree = BUILT_PRODUCTS_DIR; };
		93F7DF0F17E388C000FC365F /* Foundation.framework */ = {isa = PBXFileReference; lastKnownFileType = wrapper.framework; name = Foundation.framework; path = System/Library/Frameworks/Foundation.framework; sourceTree = SDKROOT; };
		93F7DF1117E388C000FC365F /* CoreGraphics.framework */ = {isa = PBXFileReference; lastKnownFileType = wrapper.framework; name = CoreGraphics.framework; path = System/Library/Frameworks/CoreGraphics.framework; sourceTree = SDKROOT; };
		93F7DF1317E388C000FC365F /* UIKit.framework */ = {isa = PBXFileReference; lastKnownFileType = wrapper.framework; name = UIKit.framework; path = System/Library/Frameworks/UIKit.framework; sourceTree = SDKROOT; };
		93F7DF1717E388C000FC365F /* LaunchPad Example App-Info.plist */ = {isa = PBXFileReference; lastKnownFileType = text.plist.xml; path = "LaunchPad Example App-Info.plist"; sourceTree = "<group>"; };
		93F7DF1917E388C000FC365F /* en */ = {isa = PBXFileReference; lastKnownFileType = text.plist.strings; name = en; path = en.lproj/InfoPlist.strings; sourceTree = "<group>"; };
		93F7DF1B17E388C000FC365F /* main.m */ = {isa = PBXFileReference; lastKnownFileType = sourcecode.c.objc; path = main.m; sourceTree = "<group>"; };
		93F7DF1D17E388C000FC365F /* LaunchPad Example App-Prefix.pch */ = {isa = PBXFileReference; lastKnownFileType = sourcecode.c.h; path = "LaunchPad Example App-Prefix.pch"; sourceTree = "<group>"; };
		93F7DF1E17E388C000FC365F /* LPExampleAppAppDelegate.h */ = {isa = PBXFileReference; lastKnownFileType = sourcecode.c.h; path = LPExampleAppAppDelegate.h; sourceTree = "<group>"; };
		93F7DF1F17E388C000FC365F /* LPExampleAppAppDelegate.m */ = {isa = PBXFileReference; lastKnownFileType = sourcecode.c.objc; path = LPExampleAppAppDelegate.m; sourceTree = "<group>"; };
		93F7DF2217E388C000FC365F /* Base */ = {isa = PBXFileReference; lastKnownFileType = file.storyboard; name = Base; path = Base.lproj/Main.storyboard; sourceTree = "<group>"; };
		93F7DF2417E388C000FC365F /* LPExampleAppViewController.h */ = {isa = PBXFileReference; lastKnownFileType = sourcecode.c.h; path = LPExampleAppViewController.h; sourceTree = "<group>"; };
		93F7DF2517E388C000FC365F /* LPExampleAppViewController.m */ = {isa = PBXFileReference; lastKnownFileType = sourcecode.c.objc; path = LPExampleAppViewController.m; sourceTree = "<group>"; };
		93F7DF2717E388C000FC365F /* Images.xcassets */ = {isa = PBXFileReference; lastKnownFileType = folder.assetcatalog; path = Images.xcassets; sourceTree = "<group>"; };
		93F7DF5117E3A4DA00FC365F /* CFNetwork.framework */ = {isa = PBXFileReference; lastKnownFileType = wrapper.framework; name = CFNetwork.framework; path = System/Library/Frameworks/CFNetwork.framework; sourceTree = SDKROOT; };
		93F7DF5317E3A4EB00FC365F /* Security.framework */ = {isa = PBXFileReference; lastKnownFileType = wrapper.framework; name = Security.framework; path = System/Library/Frameworks/Security.framework; sourceTree = SDKROOT; };
		93F7DF5517E3A4F200FC365F /* libicucore.dylib */ = {isa = PBXFileReference; lastKnownFileType = "compiled.mach-o.dylib"; name = libicucore.dylib; path = usr/lib/libicucore.dylib; sourceTree = SDKROOT; };
		93F7DF5717E3DA3B00FC365F /* AdSupport.framework */ = {isa = PBXFileReference; lastKnownFileType = wrapper.framework; name = AdSupport.framework; path = System/Library/Frameworks/AdSupport.framework; sourceTree = SDKROOT; };
		93F7DFC017E4047400FC365F /* CoreTelephony.framework */ = {isa = PBXFileReference; lastKnownFileType = wrapper.framework; name = CoreTelephony.framework; path = System/Library/Frameworks/CoreTelephony.framework; sourceTree = SDKROOT; };
		93F7DFC217E4048000FC365F /* SystemConfiguration.framework */ = {isa = PBXFileReference; lastKnownFileType = wrapper.framework; name = SystemConfiguration.framework; path = System/Library/Frameworks/SystemConfiguration.framework; sourceTree = SDKROOT; };
/* End PBXFileReference section */

/* Begin PBXFrameworksBuildPhase section */
		93F7DF0917E388C000FC365F /* Frameworks */ = {
			isa = PBXFrameworksBuildPhase;
			buildActionMask = 2147483647;
			files = (
				0FE54F7617F0BEB1002BD567 /* libz.dylib in Frameworks */,
				0FE54F7417F0BE97002BD567 /* CoreData.framework in Frameworks */,
				93F7DFC317E4048000FC365F /* SystemConfiguration.framework in Frameworks */,
				93187B38181C615900372ADF /* libGoogleAnalyticsServices.a in Frameworks */,
				93F7DFC117E4047400FC365F /* CoreTelephony.framework in Frameworks */,
				93F7DF5817E3DA3B00FC365F /* AdSupport.framework in Frameworks */,
				93F7DF5617E3A4F200FC365F /* libicucore.dylib in Frameworks */,
				0F8F2026184404F700C28A0D /* LaunchPad.framework in Frameworks */,
				93F7DF5417E3A4EB00FC365F /* Security.framework in Frameworks */,
				93F7DF5217E3A4DA00FC365F /* CFNetwork.framework in Frameworks */,
				93F7DF1217E388C000FC365F /* CoreGraphics.framework in Frameworks */,
				93F7DF1417E388C000FC365F /* UIKit.framework in Frameworks */,
				93F7DF1017E388C000FC365F /* Foundation.framework in Frameworks */,
				93187B33181C5E6700372ADF /* libFlurry_4.2.3.a in Frameworks */,
			);
			runOnlyForDeploymentPostprocessing = 0;
		};
/* End PBXFrameworksBuildPhase section */

/* Begin PBXGroup section */
		93187B19181C59AB00372ADF /* Mixpanel */ = {
			isa = PBXGroup;
			children = (
				93187B1A181C59AB00372ADF /* Library */,
				93187B28181C59AB00372ADF /* Mixpanel.h */,
				93187B29181C59AB00372ADF /* Mixpanel.m */,
			);
			name = Mixpanel;
			path = Resources/mixpanel/Mixpanel;
			sourceTree = "<group>";
		};
		93187B1A181C59AB00372ADF /* Library */ = {
			isa = PBXGroup;
			children = (
				93187B1B181C59AB00372ADF /* JSON */,
				93187B22181C59AB00372ADF /* NSData_Base64 */,
				93187B25181C59AB00372ADF /* ODIN */,
			);
			path = Library;
			sourceTree = "<group>";
		};
		93187B1B181C59AB00372ADF /* JSON */ = {
			isa = PBXGroup;
			children = (
				93187B1C181C59AB00372ADF /* MPCJSONDataSerializer.h */,
				93187B1D181C59AB00372ADF /* MPCJSONDataSerializer.m */,
				93187B1E181C59AB00372ADF /* MPCJSONSerializer.h */,
				93187B1F181C59AB00372ADF /* MPCJSONSerializer.m */,
				93187B20181C59AB00372ADF /* MPCSerializedJSONData.h */,
				93187B21181C59AB00372ADF /* MPCSerializedJSONData.m */,
			);
			path = JSON;
			sourceTree = "<group>";
		};
		93187B22181C59AB00372ADF /* NSData_Base64 */ = {
			isa = PBXGroup;
			children = (
				93187B23181C59AB00372ADF /* NSData+MPBase64.h */,
				93187B24181C59AB00372ADF /* NSData+MPBase64.m */,
			);
			path = NSData_Base64;
			sourceTree = "<group>";
		};
		93187B25181C59AB00372ADF /* ODIN */ = {
			isa = PBXGroup;
			children = (
				93187B26181C59AB00372ADF /* ODIN.h */,
				93187B27181C59AB00372ADF /* ODIN.m */,
			);
			path = ODIN;
			sourceTree = "<group>";
		};
		93187B30181C5E6700372ADF /* Flurry */ = {
			isa = PBXGroup;
			children = (
				93187B31181C5E6700372ADF /* Flurry.h */,
				93187B32181C5E6700372ADF /* libFlurry_4.2.3.a */,
			);
			name = Flurry;
			path = "Resources/Flurry iPhone SDK viPhone 4.2.3/Flurry-iOS-4.2.3/Flurry";
			sourceTree = "<group>";
		};
		93187B34181C5EB800372ADF /* Google */ = {
			isa = PBXGroup;
			children = (
				93187B37181C615900372ADF /* libGoogleAnalyticsServices.a */,
				93187B39181C616300372ADF /* GAI.h */,
				93187B3A181C616300372ADF /* GAIDictionaryBuilder.h */,
				93187B3B181C616300372ADF /* GAIFields.h */,
				93187B3C181C616300372ADF /* GAILogger.h */,
				93187B3D181C616300372ADF /* GAITrackedViewController.h */,
				93187B3E181C616300372ADF /* GAITracker.h */,
			);
			name = Google;
			sourceTree = "<group>";
		};
		93F7DF0317E388C000FC365F = {
			isa = PBXGroup;
			children = (
				93F7DF1517E388C000FC365F /* LaunchPad Example App */,
				93F7DF0E17E388C000FC365F /* Frameworks */,
				93F7DF0D17E388C000FC365F /* Products */,
			);
			sourceTree = "<group>";
		};
		93F7DF0D17E388C000FC365F /* Products */ = {
			isa = PBXGroup;
			children = (
				93F7DF0C17E388C000FC365F /* LP Example.app */,
			);
			name = Products;
			sourceTree = "<group>";
		};
		93F7DF0E17E388C000FC365F /* Frameworks */ = {
			isa = PBXGroup;
			children = (
				0F8F2025184404F700C28A0D /* LaunchPad.framework */,
				0FE54F7517F0BEB1002BD567 /* libz.dylib */,
				0FE54F7317F0BE97002BD567 /* CoreData.framework */,
				93F7DFC217E4048000FC365F /* SystemConfiguration.framework */,
				93F7DFC017E4047400FC365F /* CoreTelephony.framework */,
				93F7DF5717E3DA3B00FC365F /* AdSupport.framework */,
				93F7DF5517E3A4F200FC365F /* libicucore.dylib */,
				93F7DF5317E3A4EB00FC365F /* Security.framework */,
				93F7DF5117E3A4DA00FC365F /* CFNetwork.framework */,
				93F7DF0F17E388C000FC365F /* Foundation.framework */,
				93F7DF1117E388C000FC365F /* CoreGraphics.framework */,
				93F7DF1317E388C000FC365F /* UIKit.framework */,
			);
			name = Frameworks;
			sourceTree = "<group>";
		};
		93F7DF1517E388C000FC365F /* LaunchPad Example App */ = {
			isa = PBXGroup;
			children = (
				93F7DF9217E4015D00FC365F /* Resources */,
				93F7DF2117E388C000FC365F /* Main.storyboard */,
				93F7DF1E17E388C000FC365F /* LPExampleAppAppDelegate.h */,
				93F7DF1F17E388C000FC365F /* LPExampleAppAppDelegate.m */,
				93F7DF2417E388C000FC365F /* LPExampleAppViewController.h */,
				93F7DF2517E388C000FC365F /* LPExampleAppViewController.m */,
				0F8F20111843C50800C28A0D /* StyleExamplesViewController.h */,
				0F8F20121843C50800C28A0D /* StyleExamplesViewController.m */,
				93187B42181C73B800372ADF /* ExampleCollectionViewController.h */,
				93187B43181C73B800372ADF /* ExampleCollectionViewController.m */,
				0F60B489183D6F54003FDF14 /* AllElementsViewController.h */,
				0F60B48A183D6F54003FDF14 /* AllElementsViewController.m */,
				0F60B48C183D70AA003FDF14 /* WebViewController.h */,
				0F60B48D183D70AA003FDF14 /* WebViewController.m */,
				93F7DF2717E388C000FC365F /* Images.xcassets */,
				93F7DF1617E388C000FC365F /* Supporting Files */,
			);
			path = "LaunchPad Example App";
			sourceTree = "<group>";
		};
		93F7DF1617E388C000FC365F /* Supporting Files */ = {
			isa = PBXGroup;
			children = (
				93F7DF1717E388C000FC365F /* LaunchPad Example App-Info.plist */,
				93F7DF1817E388C000FC365F /* InfoPlist.strings */,
				93F7DF1B17E388C000FC365F /* main.m */,
				93F7DF1D17E388C000FC365F /* LaunchPad Example App-Prefix.pch */,
			);
			name = "Supporting Files";
			sourceTree = "<group>";
		};
		93F7DF9217E4015D00FC365F /* Resources */ = {
			isa = PBXGroup;
			children = (
				93187B34181C5EB800372ADF /* Google */,
				93187B30181C5E6700372ADF /* Flurry */,
				93187B19181C59AB00372ADF /* Mixpanel */,
			);
			name = Resources;
			sourceTree = "<group>";
		};
/* End PBXGroup section */

/* Begin PBXNativeTarget section */
		93F7DF0B17E388C000FC365F /* LP Example */ = {
			isa = PBXNativeTarget;
			buildConfigurationList = 93F7DF3E17E388C000FC365F /* Build configuration list for PBXNativeTarget "LP Example" */;
			buildPhases = (
				93F7DF0817E388C000FC365F /* Sources */,
				93F7DF0917E388C000FC365F /* Frameworks */,
				93F7DF0A17E388C000FC365F /* Resources */,
			);
			buildRules = (
			);
			dependencies = (
			);
			name = "LP Example";
			productName = "LaunchPad Example App";
			productReference = 93F7DF0C17E388C000FC365F /* LP Example.app */;
			productType = "com.apple.product-type.application";
		};
/* End PBXNativeTarget section */

/* Begin PBXProject section */
		93F7DF0417E388C000FC365F /* Project object */ = {
			isa = PBXProject;
			attributes = {
				CLASSPREFIX = LPExampleApp;
				LastUpgradeCheck = 0500;
				ORGANIZATIONNAME = LaunchPad;
			};
			buildConfigurationList = 93F7DF0717E388C000FC365F /* Build configuration list for PBXProject "LaunchPad Example App" */;
			compatibilityVersion = "Xcode 3.2";
			developmentRegion = English;
			hasScannedForEncodings = 0;
			knownRegions = (
				en,
				Base,
			);
			mainGroup = 93F7DF0317E388C000FC365F;
			productRefGroup = 93F7DF0D17E388C000FC365F /* Products */;
			projectDirPath = "";
			projectRoot = "";
			targets = (
				93F7DF0B17E388C000FC365F /* LP Example */,
			);
		};
/* End PBXProject section */

/* Begin PBXResourcesBuildPhase section */
		93F7DF0A17E388C000FC365F /* Resources */ = {
			isa = PBXResourcesBuildPhase;
			buildActionMask = 2147483647;
			files = (
				93F7DF2817E388C000FC365F /* Images.xcassets in Resources */,
				93F7DF1A17E388C000FC365F /* InfoPlist.strings in Resources */,
				93F7DF2317E388C000FC365F /* Main.storyboard in Resources */,
			);
			runOnlyForDeploymentPostprocessing = 0;
		};
/* End PBXResourcesBuildPhase section */

/* Begin PBXSourcesBuildPhase section */
		93F7DF0817E388C000FC365F /* Sources */ = {
			isa = PBXSourcesBuildPhase;
			buildActionMask = 2147483647;
			files = (
				93187B2C181C59AB00372ADF /* MPCSerializedJSONData.m in Sources */,
				93187B2A181C59AB00372ADF /* MPCJSONDataSerializer.m in Sources */,
				0F8F20131843C50800C28A0D /* StyleExamplesViewController.m in Sources */,
				93187B2D181C59AB00372ADF /* NSData+MPBase64.m in Sources */,
				93187B44181C73B800372ADF /* ExampleCollectionViewController.m in Sources */,
				93187B2E181C59AB00372ADF /* ODIN.m in Sources */,
				93F7DF2617E388C000FC365F /* LPExampleAppViewController.m in Sources */,
				93F7DF1C17E388C000FC365F /* main.m in Sources */,
				0F60B48E183D70AA003FDF14 /* WebViewController.m in Sources */,
				93F7DF2017E388C000FC365F /* LPExampleAppAppDelegate.m in Sources */,
				93187B2F181C59AB00372ADF /* Mixpanel.m in Sources */,
				0F60B48B183D6F54003FDF14 /* AllElementsViewController.m in Sources */,
				93187B2B181C59AB00372ADF /* MPCJSONSerializer.m in Sources */,
			);
			runOnlyForDeploymentPostprocessing = 0;
		};
/* End PBXSourcesBuildPhase section */

/* Begin PBXVariantGroup section */
		93F7DF1817E388C000FC365F /* InfoPlist.strings */ = {
			isa = PBXVariantGroup;
			children = (
				93F7DF1917E388C000FC365F /* en */,
			);
			name = InfoPlist.strings;
			sourceTree = "<group>";
		};
		93F7DF2117E388C000FC365F /* Main.storyboard */ = {
			isa = PBXVariantGroup;
			children = (
				93F7DF2217E388C000FC365F /* Base */,
			);
			name = Main.storyboard;
			sourceTree = "<group>";
		};
/* End PBXVariantGroup section */

/* Begin XCBuildConfiguration section */
		93F7DF3C17E388C000FC365F /* Debug */ = {
			isa = XCBuildConfiguration;
			buildSettings = {
				ALWAYS_SEARCH_USER_PATHS = NO;
				ARCHS = "$(ARCHS_STANDARD_INCLUDING_64_BIT)";
				CLANG_CXX_LANGUAGE_STANDARD = "gnu++0x";
				CLANG_CXX_LIBRARY = "libc++";
				CLANG_ENABLE_MODULES = YES;
				CLANG_ENABLE_OBJC_ARC = YES;
				CLANG_WARN_BOOL_CONVERSION = YES;
				CLANG_WARN_CONSTANT_CONVERSION = YES;
				CLANG_WARN_DIRECT_OBJC_ISA_USAGE = YES_ERROR;
				CLANG_WARN_EMPTY_BODY = YES;
				CLANG_WARN_ENUM_CONVERSION = YES;
				CLANG_WARN_INT_CONVERSION = YES;
				CLANG_WARN_OBJC_ROOT_CLASS = YES_ERROR;
				CLANG_WARN__DUPLICATE_METHOD_MATCH = YES;
				"CODE_SIGN_IDENTITY[sdk=iphoneos*]" = "iPhone Developer";
				COPY_PHASE_STRIP = NO;
				GCC_C_LANGUAGE_STANDARD = gnu99;
				GCC_DYNAMIC_NO_PIC = NO;
				GCC_OPTIMIZATION_LEVEL = 0;
				GCC_PREPROCESSOR_DEFINITIONS = (
					"DEBUG=1",
					"$(inherited)",
				);
				GCC_SYMBOLS_PRIVATE_EXTERN = NO;
				GCC_WARN_64_TO_32_BIT_CONVERSION = YES;
				GCC_WARN_ABOUT_RETURN_TYPE = YES_ERROR;
				GCC_WARN_UNDECLARED_SELECTOR = YES;
				GCC_WARN_UNINITIALIZED_AUTOS = YES;
				GCC_WARN_UNUSED_FUNCTION = YES;
				GCC_WARN_UNUSED_VARIABLE = YES;
				IPHONEOS_DEPLOYMENT_TARGET = 7.0;
				ONLY_ACTIVE_ARCH = YES;
				OTHER_LDFLAGS = "-ObjC";
				SDKROOT = iphoneos;
				VALID_ARCHS = "armv7 armv7s";
			};
			name = Debug;
		};
		93F7DF3D17E388C000FC365F /* Release */ = {
			isa = XCBuildConfiguration;
			buildSettings = {
				ALWAYS_SEARCH_USER_PATHS = NO;
				ARCHS = "$(ARCHS_STANDARD_INCLUDING_64_BIT)";
				CLANG_CXX_LANGUAGE_STANDARD = "gnu++0x";
				CLANG_CXX_LIBRARY = "libc++";
				CLANG_ENABLE_MODULES = YES;
				CLANG_ENABLE_OBJC_ARC = YES;
				CLANG_WARN_BOOL_CONVERSION = YES;
				CLANG_WARN_CONSTANT_CONVERSION = YES;
				CLANG_WARN_DIRECT_OBJC_ISA_USAGE = YES_ERROR;
				CLANG_WARN_EMPTY_BODY = YES;
				CLANG_WARN_ENUM_CONVERSION = YES;
				CLANG_WARN_INT_CONVERSION = YES;
				CLANG_WARN_OBJC_ROOT_CLASS = YES_ERROR;
				CLANG_WARN__DUPLICATE_METHOD_MATCH = YES;
				"CODE_SIGN_IDENTITY[sdk=iphoneos*]" = "iPhone Developer";
				COPY_PHASE_STRIP = YES;
				ENABLE_NS_ASSERTIONS = NO;
				GCC_C_LANGUAGE_STANDARD = gnu99;
				GCC_WARN_64_TO_32_BIT_CONVERSION = YES;
				GCC_WARN_ABOUT_RETURN_TYPE = YES_ERROR;
				GCC_WARN_UNDECLARED_SELECTOR = YES;
				GCC_WARN_UNINITIALIZED_AUTOS = YES;
				GCC_WARN_UNUSED_FUNCTION = YES;
				GCC_WARN_UNUSED_VARIABLE = YES;
				IPHONEOS_DEPLOYMENT_TARGET = 7.0;
				OTHER_LDFLAGS = "-ObjC";
				SDKROOT = iphoneos;
				VALIDATE_PRODUCT = YES;
				VALID_ARCHS = "armv7 armv7s";
			};
			name = Release;
		};
		93F7DF3F17E388C000FC365F /* Debug */ = {
			isa = XCBuildConfiguration;
			buildSettings = {
				ARCHS = "$(ARCHS_STANDARD)";
				ASSETCATALOG_COMPILER_APPICON_NAME = AppIcon;
				ASSETCATALOG_COMPILER_LAUNCHIMAGE_NAME = LaunchImage;
				FRAMEWORK_SEARCH_PATHS = (
					"\\\\\\\"$SRCROOT/LaunchPad\\\\\\ Example\\\\\\ App\\\\\\\"/**",
					"$(inherited)",
					"/Users/jonathannorris/Dropbox/gitRepos/LaunchPad-Example-App",
					"/Users/jonathannorris/Dropbox/gitRepos/launchpad-ios-sdk",
				);
				GCC_PRECOMPILE_PREFIX_HEADER = YES;
				GCC_PREFIX_HEADER = "LaunchPad Example App/LaunchPad Example App-Prefix.pch";
				GCC_PREPROCESSOR_DEFINITIONS = (
					"DEBUG=1",
					"$(inherited)",
					"MIXPANEL_LOG=1",
					"MIXPANEL_DEBUG=1",
				);
				INFOPLIST_FILE = "LaunchPad Example App/LaunchPad Example App-Info.plist";
				LIBRARY_SEARCH_PATHS = (
					"$(inherited)",
					"\"$SRCROOT/LaunchPad Example App\"/**",
				);
				PRODUCT_NAME = "$(TARGET_NAME)";
				WRAPPER_EXTENSION = app;
			};
			name = Debug;
		};
		93F7DF4017E388C000FC365F /* Release */ = {
			isa = XCBuildConfiguration;
			buildSettings = {
				ARCHS = "$(ARCHS_STANDARD)";
				ASSETCATALOG_COMPILER_APPICON_NAME = AppIcon;
				ASSETCATALOG_COMPILER_LAUNCHIMAGE_NAME = LaunchImage;
				FRAMEWORK_SEARCH_PATHS = (
					"\\\\\\\"$SRCROOT/LaunchPad\\\\\\ Example\\\\\\ App\\\\\\\"/**",
					"$(inherited)",
					"/Users/jonathannorris/Dropbox/gitRepos/LaunchPad-Example-App",
					"/Users/jonathannorris/Dropbox/gitRepos/launchpad-ios-sdk",
				);
				GCC_PRECOMPILE_PREFIX_HEADER = YES;
				GCC_PREFIX_HEADER = "LaunchPad Example App/LaunchPad Example App-Prefix.pch";
				INFOPLIST_FILE = "LaunchPad Example App/LaunchPad Example App-Info.plist";
				LIBRARY_SEARCH_PATHS = (
					"$(inherited)",
					"\"$SRCROOT/LaunchPad Example App\"/**",
				);
				PRODUCT_NAME = "$(TARGET_NAME)";
				WRAPPER_EXTENSION = app;
			};
			name = Release;
		};
/* End XCBuildConfiguration section */

/* Begin XCConfigurationList section */
		93F7DF0717E388C000FC365F /* Build configuration list for PBXProject "LaunchPad Example App" */ = {
			isa = XCConfigurationList;
			buildConfigurations = (
				93F7DF3C17E388C000FC365F /* Debug */,
				93F7DF3D17E388C000FC365F /* Release */,
			);
			defaultConfigurationIsVisible = 0;
			defaultConfigurationName = Release;
		};
		93F7DF3E17E388C000FC365F /* Build configuration list for PBXNativeTarget "LP Example" */ = {
			isa = XCConfigurationList;
			buildConfigurations = (
				93F7DF3F17E388C000FC365F /* Debug */,
				93F7DF4017E388C000FC365F /* Release */,
			);
			defaultConfigurationIsVisible = 0;
			defaultConfigurationName = Release;
		};
/* End XCConfigurationList section */
	};
	rootObject = 93F7DF0417E388C000FC365F /* Project object */;
}
